
Microsoft Visual Studio Solution File, Format Version 12.00
# Visual Studio Version 16
VisualStudioVersion = 16.0.30804.86
MinimumVisualStudioVersion = 10.0.40219.1
Project("{FAE04EC0-301F-11D3-BF4B-00C04F79EFBC}") = "SudokuSolver", "SudokuSolver\SudokuSolver.csproj", "{B0973D12-09D5-4EFE-841E-B4411F69AC84}"
EndProject
Project("{FAE04EC0-301F-11D3-BF4B-00C04F79EFBC}") = "Tests", "Tests\Tests.csproj", "{9B90AA16-CD51-4793-8DE7-1C324DED0B3C}"
EndProject
Global
	GlobalSection(SolutionConfigurationPlatforms) = preSolution
		Debug|Any CPU = Debug|Any CPU
		Release|Any CPU = Release|Any CPU
	EndGlobalSection
	GlobalSection(ProjectConfigurationPlatforms) = postSolution
		{B0973D12-09D5-4EFE-841E-B4411F69AC84}.Debug|Any CPU.ActiveCfg = Debug|Any CPU
		{B0973D12-09D5-4EFE-841E-B4411F69AC84}.Debug|Any CPU.Build.0 = Debug|Any CPU
		{B0973D12-09D5-4EFE-841E-B4411F69AC84}.Release|Any CPU.ActiveCfg = Release|Any CPU
		{B0973D12-09D5-4EFE-841E-B4411F69AC84}.Release|Any CPU.Build.0 = Release|Any CPU
		{9B90AA16-CD51-4793-8DE7-1C324DED0B3C}.Debug|Any CPU.ActiveCfg = Debug|Any CPU
		{9B90AA16-CD51-4793-8DE7-1C324DED0B3C}.Debug|Any CPU.Build.0 = Debug|Any CPU
		{9B90AA16-CD51-4793-8DE7-1C324DED0B3C}.Release|Any CPU.ActiveCfg = Release|Any CPU
		{9B90AA16-CD51-4793-8DE7-1C324DED0B3C}.Release|Any CPU.Build.0 = Release|Any CPU
	EndGlobalSection
	GlobalSection(SolutionProperties) = preSolution
		HideSolutionNode = FALSE
	EndGlobalSection
	GlobalSection(ExtensibilityGlobals) = postSolution
		SolutionGuid = {7DA7C3B3-B723-4AC7-ABA9-FE27182C77FF}
	EndGlobalSection
EndGlobal
